// !$*UTF8*$!
{
	archiveVersion = 1;
	classes = {
	};
	objectVersion = 50;
	objects = {

/* Begin PBXBuildFile section */
		1D2BB5C224E8C47200D7021F /* AppDelegate.swift in Sources */ = {isa = PBXBuildFile; fileRef = 1D2BB5C124E8C47200D7021F /* AppDelegate.swift */; };
		1D2BB5C424E8C47200D7021F /* SceneDelegate.swift in Sources */ = {isa = PBXBuildFile; fileRef = 1D2BB5C324E8C47200D7021F /* SceneDelegate.swift */; };
		1D2BB5C624E8C47200D7021F /* ContentView.swift in Sources */ = {isa = PBXBuildFile; fileRef = 1D2BB5C524E8C47200D7021F /* ContentView.swift */; };
		1D2BB5C824E8C47400D7021F /* Assets.xcassets in Resources */ = {isa = PBXBuildFile; fileRef = 1D2BB5C724E8C47400D7021F /* Assets.xcassets */; };
		1D2BB5CB24E8C47400D7021F /* Preview Assets.xcassets in Resources */ = {isa = PBXBuildFile; fileRef = 1D2BB5CA24E8C47400D7021F /* Preview Assets.xcassets */; };
		1D2BB5CE24E8C47400D7021F /* LaunchScreen.storyboard in Resources */ = {isa = PBXBuildFile; fileRef = 1D2BB5CC24E8C47400D7021F /* LaunchScreen.storyboard */; };
		1D2BB5D924E8C47400D7021F /* LandmarksTests.swift in Sources */ = {isa = PBXBuildFile; fileRef = 1D2BB5D824E8C47400D7021F /* LandmarksTests.swift */; };
		1D2BB5E424E8C47400D7021F /* LandmarksUITests.swift in Sources */ = {isa = PBXBuildFile; fileRef = 1D2BB5E324E8C47400D7021F /* LandmarksUITests.swift */; };
/* End PBXBuildFile section */

/* Begin PBXContainerItemProxy section */
		1D2BB5D524E8C47400D7021F /* PBXContainerItemProxy */ = {
			isa = PBXContainerItemProxy;
			containerPortal = 1D2BB5B624E8C47200D7021F /* Project object */;
			proxyType = 1;
			remoteGlobalIDString = 1D2BB5BD24E8C47200D7021F;
			remoteInfo = Landmarks;
		};
		1D2BB5E024E8C47400D7021F /* PBXContainerItemProxy */ = {
			isa = PBXContainerItemProxy;
			containerPortal = 1D2BB5B624E8C47200D7021F /* Project object */;
			proxyType = 1;
			remoteGlobalIDString = 1D2BB5BD24E8C47200D7021F;
			remoteInfo = Landmarks;
		};
/* End PBXContainerItemProxy section */

/* Begin PBXFileReference section */
		1D2BB5BE24E8C47200D7021F /* Landmarks.app */ = {isa = PBXFileReference; explicitFileType = wrapper.application; includeInIndex = 0; path = Landmarks.app; sourceTree = BUILT_PRODUCTS_DIR; };
		1D2BB5C124E8C47200D7021F /* AppDelegate.swift */ = {isa = PBXFileReference; lastKnownFileType = sourcecode.swift; path = AppDelegate.swift; sourceTree = "<group>"; };
		1D2BB5C324E8C47200D7021F /* SceneDelegate.swift */ = {isa = PBXFileReference; lastKnownFileType = sourcecode.swift; path = SceneDelegate.swift; sourceTree = "<group>"; };
		1D2BB5C524E8C47200D7021F /* ContentView.swift */ = {isa = PBXFileReference; lastKnownFileType = sourcecode.swift; path = ContentView.swift; sourceTree = "<group>"; };
		1D2BB5C724E8C47400D7021F /* Assets.xcassets */ = {isa = PBXFileReference; lastKnownFileType = folder.assetcatalog; path = Assets.xcassets; sourceTree = "<group>"; };
		1D2BB5CA24E8C47400D7021F /* Preview Assets.xcassets */ = {isa = PBXFileReference; lastKnownFileType = folder.assetcatalog; path = "Preview Assets.xcassets"; sourceTree = "<group>"; };
		1D2BB5CD24E8C47400D7021F /* Base */ = {isa = PBXFileReference; lastKnownFileType = file.storyboard; name = Base; path = Base.lproj/LaunchScreen.storyboard; sourceTree = "<group>"; };
		1D2BB5CF24E8C47400D7021F /* Info.plist */ = {isa = PBXFileReference; lastKnownFileType = text.plist.xml; path = Info.plist; sourceTree = "<group>"; };
		1D2BB5D424E8C47400D7021F /* LandmarksTests.xctest */ = {isa = PBXFileReference; explicitFileType = wrapper.cfbundle; includeInIndex = 0; path = LandmarksTests.xctest; sourceTree = BUILT_PRODUCTS_DIR; };
		1D2BB5D824E8C47400D7021F /* LandmarksTests.swift */ = {isa = PBXFileReference; lastKnownFileType = sourcecode.swift; path = LandmarksTests.swift; sourceTree = "<group>"; };
		1D2BB5DA24E8C47400D7021F /* Info.plist */ = {isa = PBXFileReference; lastKnownFileType = text.plist.xml; path = Info.plist; sourceTree = "<group>"; };
		1D2BB5DF24E8C47400D7021F /* LandmarksUITests.xctest */ = {isa = PBXFileReference; explicitFileType = wrapper.cfbundle; includeInIndex = 0; path = LandmarksUITests.xctest; sourceTree = BUILT_PRODUCTS_DIR; };
		1D2BB5E324E8C47400D7021F /* LandmarksUITests.swift */ = {isa = PBXFileReference; lastKnownFileType = sourcecode.swift; path = LandmarksUITests.swift; sourceTree = "<group>"; };
		1D2BB5E524E8C47400D7021F /* Info.plist */ = {isa = PBXFileReference; lastKnownFileType = text.plist.xml; path = Info.plist; sourceTree = "<group>"; };
/* End PBXFileReference section */

/* Begin PBXFrameworksBuildPhase section */
		1D2BB5BB24E8C47200D7021F /* Frameworks */ = {
			isa = PBXFrameworksBuildPhase;
			buildActionMask = 2147483647;
			files = (
			);
			runOnlyForDeploymentPostprocessing = 0;
		};
		1D2BB5D124E8C47400D7021F /* Frameworks */ = {
			isa = PBXFrameworksBuildPhase;
			buildActionMask = 2147483647;
			files = (
			);
			runOnlyForDeploymentPostprocessing = 0;
		};
		1D2BB5DC24E8C47400D7021F /* Frameworks */ = {
			isa = PBXFrameworksBuildPhase;
			buildActionMask = 2147483647;
			files = (
			);
			runOnlyForDeploymentPostprocessing = 0;
		};
/* End PBXFrameworksBuildPhase section */

/* Begin PBXGroup section */
		1D2BB5B524E8C47200D7021F = {
			isa = PBXGroup;
			children = (
				1D2BB5C024E8C47200D7021F /* Landmarks */,
				1D2BB5D724E8C47400D7021F /* LandmarksTests */,
				1D2BB5E224E8C47400D7021F /* LandmarksUITests */,
				1D2BB5BF24E8C47200D7021F /* Products */,
			);
			sourceTree = "<group>";
		};
		1D2BB5BF24E8C47200D7021F /* Products */ = {
			isa = PBXGroup;
			children = (
				1D2BB5BE24E8C47200D7021F /* Landmarks.app */,
				1D2BB5D424E8C47400D7021F /* LandmarksTests.xctest */,
				1D2BB5DF24E8C47400D7021F /* LandmarksUITests.xctest */,
			);
			name = Products;
			sourceTree = "<group>";
		};
		1D2BB5C024E8C47200D7021F /* Landmarks */ = {
			isa = PBXGroup;
			children = (
				1D2BB5C124E8C47200D7021F /* AppDelegate.swift */,
				1D2BB5C324E8C47200D7021F /* SceneDelegate.swift */,
				1D2BB5C524E8C47200D7021F /* ContentView.swift */,
				1D2BB5C724E8C47400D7021F /* Assets.xcassets */,
				1D2BB5CC24E8C47400D7021F /* LaunchScreen.storyboard */,
				1D2BB5CF24E8C47400D7021F /* Info.plist */,
				1D2BB5C924E8C47400D7021F /* Preview Content */,
			);
			path = Landmarks;
			sourceTree = "<group>";
		};
		1D2BB5C924E8C47400D7021F /* Preview Content */ = {
			isa = PBXGroup;
			children = (
				1D2BB5CA24E8C47400D7021F /* Preview Assets.xcassets */,
			);
			path = "Preview Content";
			sourceTree = "<group>";
		};
		1D2BB5D724E8C47400D7021F /* LandmarksTests */ = {
			isa = PBXGroup;
			children = (
				1D2BB5D824E8C47400D7021F /* LandmarksTests.swift */,
				1D2BB5DA24E8C47400D7021F /* Info.plist */,
			);
			path = LandmarksTests;
			sourceTree = "<group>";
		};
		1D2BB5E224E8C47400D7021F /* LandmarksUITests */ = {
			isa = PBXGroup;
			children = (
				1D2BB5E324E8C47400D7021F /* LandmarksUITests.swift */,
				1D2BB5E524E8C47400D7021F /* Info.plist */,
			);
			path = LandmarksUITests;
			sourceTree = "<group>";
		};
/* End PBXGroup section */

/* Begin PBXNativeTarget section */
		1D2BB5BD24E8C47200D7021F /* Landmarks */ = {
			isa = PBXNativeTarget;
			buildConfigurationList = 1D2BB5E824E8C47400D7021F /* Build configuration list for PBXNativeTarget "Landmarks" */;
			buildPhases = (
				1D2BB5BA24E8C47200D7021F /* Sources */,
				1D2BB5BB24E8C47200D7021F /* Frameworks */,
				1D2BB5BC24E8C47200D7021F /* Resources */,
			);
			buildRules = (
			);
			dependencies = (
			);
			name = Landmarks;
			productName = Landmarks;
			productReference = 1D2BB5BE24E8C47200D7021F /* Landmarks.app */;
			productType = "com.apple.product-type.application";
		};
		1D2BB5D324E8C47400D7021F /* LandmarksTests */ = {
			isa = PBXNativeTarget;
			buildConfigurationList = 1D2BB5EB24E8C47400D7021F /* Build configuration list for PBXNativeTarget "LandmarksTests" */;
			buildPhases = (
				1D2BB5D024E8C47400D7021F /* Sources */,
				1D2BB5D124E8C47400D7021F /* Frameworks */,
				1D2BB5D224E8C47400D7021F /* Resources */,
			);
			buildRules = (
			);
			dependencies = (
				1D2BB5D624E8C47400D7021F /* PBXTargetDependency */,
			);
			name = LandmarksTests;
			productName = LandmarksTests;
			productReference = 1D2BB5D424E8C47400D7021F /* LandmarksTests.xctest */;
			productType = "com.apple.product-type.bundle.unit-test";
		};
		1D2BB5DE24E8C47400D7021F /* LandmarksUITests */ = {
			isa = PBXNativeTarget;
			buildConfigurationList = 1D2BB5EE24E8C47400D7021F /* Build configuration list for PBXNativeTarget "LandmarksUITests" */;
			buildPhases = (
				1D2BB5DB24E8C47400D7021F /* Sources */,
				1D2BB5DC24E8C47400D7021F /* Frameworks */,
				1D2BB5DD24E8C47400D7021F /* Resources */,
			);
			buildRules = (
			);
			dependencies = (
				1D2BB5E124E8C47400D7021F /* PBXTargetDependency */,
			);
			name = LandmarksUITests;
			productName = LandmarksUITests;
			productReference = 1D2BB5DF24E8C47400D7021F /* LandmarksUITests.xctest */;
			productType = "com.apple.product-type.bundle.ui-testing";
		};
/* End PBXNativeTarget section */

/* Begin PBXProject section */
		1D2BB5B624E8C47200D7021F /* Project object */ = {
			isa = PBXProject;
			attributes = {
				LastSwiftUpdateCheck = 1160;
				LastUpgradeCheck = 1160;
				ORGANIZATIONNAME = "Brian Foster";
				TargetAttributes = {
					1D2BB5BD24E8C47200D7021F = {
						CreatedOnToolsVersion = 11.6;
					};
					1D2BB5D324E8C47400D7021F = {
						CreatedOnToolsVersion = 11.6;
						TestTargetID = 1D2BB5BD24E8C47200D7021F;
					};
					1D2BB5DE24E8C47400D7021F = {
						CreatedOnToolsVersion = 11.6;
						TestTargetID = 1D2BB5BD24E8C47200D7021F;
					};
				};
			};
			buildConfigurationList = 1D2BB5B924E8C47200D7021F /* Build configuration list for PBXProject "Landmarks" */;
			compatibilityVersion = "Xcode 9.3";
			developmentRegion = en;
			hasScannedForEncodings = 0;
			knownRegions = (
				en,
				Base,
			);
			mainGroup = 1D2BB5B524E8C47200D7021F;
			productRefGroup = 1D2BB5BF24E8C47200D7021F /* Products */;
			projectDirPath = "";
			projectRoot = "";
			targets = (
				1D2BB5BD24E8C47200D7021F /* Landmarks */,
				1D2BB5D324E8C47400D7021F /* LandmarksTests */,
				1D2BB5DE24E8C47400D7021F /* LandmarksUITests */,
			);
		};
/* End PBXProject section */

/* Begin PBXResourcesBuildPhase section */
		1D2BB5BC24E8C47200D7021F /* Resources */ = {
			isa = PBXResourcesBuildPhase;
			buildActionMask = 2147483647;
			files = (
				1D2BB5CE24E8C47400D7021F /* LaunchScreen.storyboard in Resources */,
				1D2BB5CB24E8C47400D7021F /* Preview Assets.xcassets in Resources */,
				1D2BB5C824E8C47400D7021F /* Assets.xcassets in Resources */,
			);
			runOnlyForDeploymentPostprocessing = 0;
		};
		1D2BB5D224E8C47400D7021F /* Resources */ = {
			isa = PBXResourcesBuildPhase;
			buildActionMask = 2147483647;
			files = (
			);
			runOnlyForDeploymentPostprocessing = 0;
		};
		1D2BB5DD24E8C47400D7021F /* Resources */ = {
			isa = PBXResourcesBuildPhase;
			buildActionMask = 2147483647;
			files = (
			);
			runOnlyForDeploymentPostprocessing = 0;
		};
/* End PBXResourcesBuildPhase section */

/* Begin PBXSourcesBuildPhase section */
		1D2BB5BA24E8C47200D7021F /* Sources */ = {
			isa = PBXSourcesBuildPhase;
			buildActionMask = 2147483647;
			files = (
				1D2BB5C224E8C47200D7021F /* AppDelegate.swift in Sources */,
				1D2BB5C424E8C47200D7021F /* SceneDelegate.swift in Sources */,
				1D2BB5C624E8C47200D7021F /* ContentView.swift in Sources */,
			);
			runOnlyForDeploymentPostprocessing = 0;
		};
		1D2BB5D024E8C47400D7021F /* Sources */ = {
			isa = PBXSourcesBuildPhase;
			buildActionMask = 2147483647;
			files = (
				1D2BB5D924E8C47400D7021F /* LandmarksTests.swift in Sources */,
			);
			runOnlyForDeploymentPostprocessing = 0;
		};
		1D2BB5DB24E8C47400D7021F /* Sources */ = {
			isa = PBXSourcesBuildPhase;
			buildActionMask = 2147483647;
			files = (
				1D2BB5E424E8C47400D7021F /* LandmarksUITests.swift in Sources */,
			);
			runOnlyForDeploymentPostprocessing = 0;
		};
/* End PBXSourcesBuildPhase section */

/* Begin PBXTargetDependency section */
		1D2BB5D624E8C47400D7021F /* PBXTargetDependency */ = {
			isa = PBXTargetDependency;
			target = 1D2BB5BD24E8C47200D7021F /* Landmarks */;
			targetProxy = 1D2BB5D524E8C47400D7021F /* PBXContainerItemProxy */;
		};
		1D2BB5E124E8C47400D7021F /* PBXTargetDependency */ = {
			isa = PBXTargetDependency;
			target = 1D2BB5BD24E8C47200D7021F /* Landmarks */;
			targetProxy = 1D2BB5E024E8C47400D7021F /* PBXContainerItemProxy */;
		};
/* End PBXTargetDependency section */

/* Begin PBXVariantGroup section */
		1D2BB5CC24E8C47400D7021F /* LaunchScreen.storyboard */ = {
			isa = PBXVariantGroup;
			children = (
				1D2BB5CD24E8C47400D7021F /* Base */,
			);
			name = LaunchScreen.storyboard;
			sourceTree = "<group>";
		};
/* End PBXVariantGroup section */

/* Begin XCBuildConfiguration section */
		1D2BB5E624E8C47400D7021F /* Debug */ = {
			isa = XCBuildConfiguration;
			buildSettings = {
				ALWAYS_SEARCH_USER_PATHS = NO;
				CLANG_ANALYZER_NONNULL = YES;
				CLANG_ANALYZER_NUMBER_OBJECT_CONVERSION = YES_AGGRESSIVE;
				CLANG_CXX_LANGUAGE_STANDARD = "gnu++14";
				CLANG_CXX_LIBRARY = "libc++";
				CLANG_ENABLE_MODULES = YES;
				CLANG_ENABLE_OBJC_ARC = YES;
				CLANG_ENABLE_OBJC_WEAK = YES;
				CLANG_WARN_BLOCK_CAPTURE_AUTORELEASING = YES;
				CLANG_WARN_BOOL_CONVERSION = YES;
				CLANG_WARN_COMMA = YES;
				CLANG_WARN_CONSTANT_CONVERSION = YES;
				CLANG_WARN_DEPRECATED_OBJC_IMPLEMENTATIONS = YES;
				CLANG_WARN_DIRECT_OBJC_ISA_USAGE = YES_ERROR;
				CLANG_WARN_DOCUMENTATION_COMMENTS = YES;
				CLANG_WARN_EMPTY_BODY = YES;
				CLANG_WARN_ENUM_CONVERSION = YES;
				CLANG_WARN_INFINITE_RECURSION = YES;
				CLANG_WARN_INT_CONVERSION = YES;
				CLANG_WARN_NON_LITERAL_NULL_CONVERSION = YES;
				CLANG_WARN_OBJC_IMPLICIT_RETAIN_SELF = YES;
				CLANG_WARN_OBJC_LITERAL_CONVERSION = YES;
				CLANG_WARN_OBJC_ROOT_CLASS = YES_ERROR;
				CLANG_WARN_RANGE_LOOP_ANALYSIS = YES;
				CLANG_WARN_STRICT_PROTOTYPES = YES;
				CLANG_WARN_SUSPICIOUS_MOVE = YES;
				CLANG_WARN_UNGUARDED_AVAILABILITY = YES_AGGRESSIVE;
				CLANG_WARN_UNREACHABLE_CODE = YES;
				CLANG_WARN__DUPLICATE_METHOD_MATCH = YES;
				COPY_PHASE_STRIP = NO;
				DEBUG_INFORMATION_FORMAT = dwarf;
				ENABLE_STRICT_OBJC_MSGSEND = YES;
				ENABLE_TESTABILITY = YES;
				GCC_C_LANGUAGE_STANDARD = gnu11;
				GCC_DYNAMIC_NO_PIC = NO;
				GCC_NO_COMMON_BLOCKS = YES;
				GCC_OPTIMIZATION_LEVEL = 0;
				GCC_PREPROCESSOR_DEFINITIONS = (
					"DEBUG=1",
					"$(inherited)",
				);
				GCC_WARN_64_TO_32_BIT_CONVERSION = YES;
				GCC_WARN_ABOUT_RETURN_TYPE = YES_ERROR;
				GCC_WARN_UNDECLARED_SELECTOR = YES;
				GCC_WARN_UNINITIALIZED_AUTOS = YES_AGGRESSIVE;
				GCC_WARN_UNUSED_FUNCTION = YES;
				GCC_WARN_UNUSED_VARIABLE = YES;
				IPHONEOS_DEPLOYMENT_TARGET = 13.6;
				MTL_ENABLE_DEBUG_INFO = INCLUDE_SOURCE;
				MTL_FAST_MATH = YES;
				ONLY_ACTIVE_ARCH = YES;
				SDKROOT = iphoneos;
				SWIFT_ACTIVE_COMPILATION_CONDITIONS = DEBUG;
				SWIFT_OPTIMIZATION_LEVEL = "-Onone";
			};
			name = Debug;
		};
		1D2BB5E724E8C47400D7021F /* Release */ = {
			isa = XCBuildConfiguration;
			buildSettings = {
				ALWAYS_SEARCH_USER_PATHS = NO;
				CLANG_ANALYZER_NONNULL = YES;
				CLANG_ANALYZER_NUMBER_OBJECT_CONVERSION = YES_AGGRESSIVE;
				CLANG_CXX_LANGUAGE_STANDARD = "gnu++14";
				CLANG_CXX_LIBRARY = "libc++";
				CLANG_ENABLE_MODULES = YES;
				CLANG_ENABLE_OBJC_ARC = YES;
				CLANG_ENABLE_OBJC_WEAK = YES;
				CLANG_WARN_BLOCK_CAPTURE_AUTORELEASING = YES;
				CLANG_WARN_BOOL_CONVERSION = YES;
				CLANG_WARN_COMMA = YES;
				CLANG_WARN_CONSTANT_CONVERSION = YES;
				CLANG_WARN_DEPRECATED_OBJC_IMPLEMENTATIONS = YES;
				CLANG_WARN_DIRECT_OBJC_ISA_USAGE = YES_ERROR;
				CLANG_WARN_DOCUMENTATION_COMMENTS = YES;
				CLANG_WARN_EMPTY_BODY = YES;
				CLANG_WARN_ENUM_CONVERSION = YES;
				CLANG_WARN_INFINITE_RECURSION = YES;
				CLANG_WARN_INT_CONVERSION = YES;
				CLANG_WARN_NON_LITERAL_NULL_CONVERSION = YES;
				CLANG_WARN_OBJC_IMPLICIT_RETAIN_SELF = YES;
				CLANG_WARN_OBJC_LITERAL_CONVERSION = YES;
				CLANG_WARN_OBJC_ROOT_CLASS = YES_ERROR;
				CLANG_WARN_RANGE_LOOP_ANALYSIS = YES;
				CLANG_WARN_STRICT_PROTOTYPES = YES;
				CLANG_WARN_SUSPICIOUS_MOVE = YES;
				CLANG_WARN_UNGUARDED_AVAILABILITY = YES_AGGRESSIVE;
				CLANG_WARN_UNREACHABLE_CODE = YES;
				CLANG_WARN__DUPLICATE_METHOD_MATCH = YES;
				COPY_PHASE_STRIP = NO;
				DEBUG_INFORMATION_FORMAT = "dwarf-with-dsym";
				ENABLE_NS_ASSERTIONS = NO;
				ENABLE_STRICT_OBJC_MSGSEND = YES;
				GCC_C_LANGUAGE_STANDARD = gnu11;
				GCC_NO_COMMON_BLOCKS = YES;
				GCC_WARN_64_TO_32_BIT_CONVERSION = YES;
				GCC_WARN_ABOUT_RETURN_TYPE = YES_ERROR;
				GCC_WARN_UNDECLARED_SELECTOR = YES;
				GCC_WARN_UNINITIALIZED_AUTOS = YES_AGGRESSIVE;
				GCC_WARN_UNUSED_FUNCTION = YES;
				GCC_WARN_UNUSED_VARIABLE = YES;
				IPHONEOS_DEPLOYMENT_TARGET = 13.6;
				MTL_ENABLE_DEBUG_INFO = NO;
				MTL_FAST_MATH = YES;
				SDKROOT = iphoneos;
				SWIFT_COMPILATION_MODE = wholemodule;
				SWIFT_OPTIMIZATION_LEVEL = "-O";
				VALIDATE_PRODUCT = YES;
			};
			name = Release;
		};
		1D2BB5E924E8C47400D7021F /* Debug */ = {
			isa = XCBuildConfiguration;
			buildSettings = {
				ASSETCATALOG_COMPILER_APPICON_NAME = AppIcon;
				CODE_SIGN_STYLE = Automatic;
				DEVELOPMENT_ASSET_PATHS = "\"Landmarks/Preview Content\"";
				DEVELOPMENT_TEAM = LJN6263MJP;
				ENABLE_PREVIEWS = YES;
				INFOPLIST_FILE = Landmarks/Info.plist;
				LD_RUNPATH_SEARCH_PATHS = (
					"$(inherited)",
					"@executable_path/Frameworks",
				);
				PRODUCT_BUNDLE_IDENTIFIER = brianisbrilliant.Landmarks;
				PRODUCT_NAME = "$(TARGET_NAME)";
				SWIFT_VERSION = 5.0;
				TARGETED_DEVICE_FAMILY = "1,2";
			};
			name = Debug;
		};
		1D2BB5EA24E8C47400D7021F /* Release */ = {
			isa = XCBuildConfiguration;
			buildSettings = {
				ASSETCATALOG_COMPILER_APPICON_NAME = AppIcon;
				CODE_SIGN_STYLE = Automatic;
				DEVELOPMENT_ASSET_PATHS = "\"Landmarks/Preview Content\"";
				DEVELOPMENT_TEAM = LJN6263MJP;
				ENABLE_PREVIEWS = YES;
				INFOPLIST_FILE = Landmarks/Info.plist;
				LD_RUNPATH_SEARCH_PATHS = (
					"$(inherited)",
					"@executable_path/Frameworks",
				);
				PRODUCT_BUNDLE_IDENTIFIER = brianisbrilliant.Landmarks;
				PRODUCT_NAME = "$(TARGET_NAME)";
				SWIFT_VERSION = 5.0;
				TARGETED_DEVICE_FAMILY = "1,2";
			};
			name = Release;
		};
		1D2BB5EC24E8C47400D7021F /* Debug */ = {
			isa = XCBuildConfiguration;
			buildSettings = {
				ALWAYS_EMBED_SWIFT_STANDARD_LIBRARIES = YES;
				BUNDLE_LOADER = "$(TEST_HOST)";
				CODE_SIGN_STYLE = Automatic;
				DEVELOPMENT_TEAM = LJN6263MJP;
				INFOPLIST_FILE = LandmarksTests/Info.plist;
				IPHONEOS_DEPLOYMENT_TARGET = 13.6;
				LD_RUNPATH_SEARCH_PATHS = (
					"$(inherited)",
					"@executable_path/Frameworks",
					"@loader_path/Frameworks",
				);
				PRODUCT_BUNDLE_IDENTIFIER = brianisbrilliant.LandmarksTests;
				PRODUCT_NAME = "$(TARGET_NAME)";
				SWIFT_VERSION = 5.0;
				TARGETED_DEVICE_FAMILY = "1,2";
				TEST_HOST = "$(BUILT_PRODUCTS_DIR)/Landmarks.app/Landmarks";
			};
			name = Debug;
		};
		1D2BB5ED24E8C47400D7021F /* Release */ = {
			isa = XCBuildConfiguration;
			buildSettings = {
				ALWAYS_EMBED_SWIFT_STANDARD_LIBRARIES = YES;
				BUNDLE_LOADER = "$(TEST_HOST)";
				CODE_SIGN_STYLE = Automatic;
				DEVELOPMENT_TEAM = LJN6263MJP;
				INFOPLIST_FILE = LandmarksTests/Info.plist;
				IPHONEOS_DEPLOYMENT_TARGET = 13.6;
				LD_RUNPATH_SEARCH_PATHS = (
					"$(inherited)",
					"@executable_path/Frameworks",
					"@loader_path/Frameworks",
				);
				PRODUCT_BUNDLE_IDENTIFIER = brianisbrilliant.LandmarksTests;
				PRODUCT_NAME = "$(TARGET_NAME)";
				SWIFT_VERSION = 5.0;
				TARGETED_DEVICE_FAMILY = "1,2";
				TEST_HOST = "$(BUILT_PRODUCTS_DIR)/Landmarks.app/Landmarks";
			};
			name = Release;
		};
		1D2BB5EF24E8C47400D7021F /* Debug */ = {
			isa = XCBuildConfiguration;
			buildSettings = {
				ALWAYS_EMBED_SWIFT_STANDARD_LIBRARIES = YES;
				CODE_SIGN_STYLE = Automatic;
				DEVELOPMENT_TEAM = LJN6263MJP;
				INFOPLIST_FILE = LandmarksUITests/Info.plist;
				LD_RUNPATH_SEARCH_PATHS = (
					"$(inherited)",
					"@executable_path/Frameworks",
					"@loader_path/Frameworks",
				);
				PRODUCT_BUNDLE_IDENTIFIER = brianisbrilliant.LandmarksUITests;
				PRODUCT_NAME = "$(TARGET_NAME)";
				SWIFT_VERSION = 5.0;
				TARGETED_DEVICE_FAMILY = "1,2";
				TEST_TARGET_NAME = Landmarks;
			};
			name = Debug;
		};
		1D2BB5F024E8C47400D7021F /* Release */ = {
			isa = XCBuildConfiguration;
			buildSettings = {
				ALWAYS_EMBED_SWIFT_STANDARD_LIBRARIES = YES;
				CODE_SIGN_STYLE = Automatic;
				DEVELOPMENT_TEAM = LJN6263MJP;
				INFOPLIST_FILE = LandmarksUITests/Info.plist;
				LD_RUNPATH_SEARCH_PATHS = (
					"$(inherited)",
					"@executable_path/Frameworks",
					"@loader_path/Frameworks",
				);
				PRODUCT_BUNDLE_IDENTIFIER = brianisbrilliant.LandmarksUITests;
				PRODUCT_NAME = "$(TARGET_NAME)";
				SWIFT_VERSION = 5.0;
				TARGETED_DEVICE_FAMILY = "1,2";
				TEST_TARGET_NAME = Landmarks;
			};
			name = Release;
		};
/* End XCBuildConfiguration section */

/* Begin XCConfigurationList section */
		1D2BB5B924E8C47200D7021F /* Build configuration list for PBXProject "Landmarks" */ = {
			isa = XCConfigurationList;
			buildConfigurations = (
				1D2BB5E624E8C47400D7021F /* Debug */,
				1D2BB5E724E8C47400D7021F /* Release */,
			);
			defaultConfigurationIsVisible = 0;
			defaultConfigurationName = Release;
		};
		1D2BB5E824E8C47400D7021F /* Build configuration list for PBXNativeTarget "Landmarks" */ = {
			isa = XCConfigurationList;
			buildConfigurations = (
				1D2BB5E924E8C47400D7021F /* Debug */,
				1D2BB5EA24E8C47400D7021F /* Release */,
			);
			defaultConfigurationIsVisible = 0;
			defaultConfigurationName = Release;
		};
		1D2BB5EB24E8C47400D7021F /* Build configuration list for PBXNativeTarget "LandmarksTests" */ = {
			isa = XCConfigurationList;
			buildConfigurations = (
				1D2BB5EC24E8C47400D7021F /* Debug */,
				1D2BB5ED24E8C47400D7021F /* Release */,
			);
			defaultConfigurationIsVisible = 0;
			defaultConfigurationName = Release;
		};
		1D2BB5EE24E8C47400D7021F /* Build configuration list for PBXNativeTarget "LandmarksUITests" */ = {
			isa = XCConfigurationList;
			buildConfigurations = (
				1D2BB5EF24E8C47400D7021F /* Debug */,
				1D2BB5F024E8C47400D7021F /* Release */,
			);
			defaultConfigurationIsVisible = 0;
			defaultConfigurationName = Release;
		};
/* End XCConfigurationList section */
	};
	rootObject = 1D2BB5B624E8C47200D7021F /* Project object */;
}
